
Microsoft Visual Studio Solution File, Format Version 12.00
# Visual Studio 15
VisualStudioVersion = 15.0.28307.852
MinimumVisualStudioVersion = 10.0.40219.1
Project("{FAE04EC0-301F-11D3-BF4B-00C04F79EFBC}") = "Personas", "Personas\Personas.csproj", "{84A64A8F-3B2C-4AFD-8537-E4A991201607}"
EndProject
Global
	GlobalSection(SolutionConfigurationPlatforms) = preSolution
		Debug|Any CPU = Debug|Any CPU
		Release|Any CPU = Release|Any CPU
	EndGlobalSection
	GlobalSection(ProjectConfigurationPlatforms) = postSolution
		{84A64A8F-3B2C-4AFD-8537-E4A991201607}.Debug|Any CPU.ActiveCfg = Debug|Any CPU
		{84A64A8F-3B2C-4AFD-8537-E4A991201607}.Debug|Any CPU.Build.0 = Debug|Any CPU
		{84A64A8F-3B2C-4AFD-8537-E4A991201607}.Release|Any CPU.ActiveCfg = Release|Any CPU
		{84A64A8F-3B2C-4AFD-8537-E4A991201607}.Release|Any CPU.Build.0 = Release|Any CPU
	EndGlobalSection
	GlobalSection(SolutionProperties) = preSolution
		HideSolutionNode = FALSE
	EndGlobalSection
	GlobalSection(ExtensibilityGlobals) = postSolution
		SolutionGuid = {6E5DC8EC-6357-4541-AF9C-9AABB36CBFDE}
	EndGlobalSection
EndGlobal
